Microsoft Visual Studio Solution File, Format Version 12.00
# Visual Studio Version 17
VisualStudioVersion = 17.5.2.0
MinimumVisualStudioVersion = 10.0.40219.1
Project("{FAE04EC0-301F-11D3-BF4B-00C04F79EFBC}") = "dependabot-test", "dependabot-test.csproj", "{771535F3-4B64-374B-F26C-5DC1E89BB95B}"
EndProject
Global
	GlobalSection(SolutionConfigurationPlatforms) = preSolution
		Debug|Any CPU = Debug|Any CPU
		Release|Any CPU = Release|Any CPU
	EndGlobalSection
	GlobalSection(ProjectConfigurationPlatforms) = postSolution
		{771535F3-4B64-374B-F26C-5DC1E89BB95B}.Debug|Any CPU.ActiveCfg = Debug|Any CPU
		{771535F3-4B64-374B-F26C-5DC1E89BB95B}.Debug|Any CPU.Build.0 = Debug|Any CPU
		{771535F3-4B64-374B-F26C-5DC1E89BB95B}.Release|Any CPU.ActiveCfg = Release|Any CPU
		{771535F3-4B64-374B-F26C-5DC1E89BB95B}.Release|Any CPU.Build.0 = Release|Any CPU
	EndGlobalSection
	GlobalSection(SolutionProperties) = preSolution
		HideSolutionNode = FALSE
	EndGlobalSection
	GlobalSection(ExtensibilityGlobals) = postSolution
		SolutionGuid = {7B92AD67-8FA8-4CDA-93E7-7A954B1A87C0}
	EndGlobalSection
EndGlobal
